
Microsoft Visual Studio Solution File, Format Version 12.00
# Visual Studio Version 17
VisualStudioVersion = 17.12.35209.166
MinimumVisualStudioVersion = 10.0.40219.1
Project("{2150E333-8FDC-42A3-9474-1A3956D46DE8}") = "Presentation", "Presentation", "{6BEC112B-C928-44AC-9059-7F4FFDFCDB50}"
EndProject
Project("{FAE04EC0-301F-11D3-BF4B-00C04F79EFBC}") = "ApplicationsHub.WebAPI", "ApplicationsHub.WebAPI\ApplicationsHub.WebAPI.csproj", "{CEB35FB2-63AB-4331-B04E-D61FADCFFD57}"
EndProject
Project("{FAE04EC0-301F-11D3-BF4B-00C04F79EFBC}") = "ApplicationsHub.Domain", "ApplicationsHub.Domain\ApplicationsHub.Domain.csproj", "{3183C683-59AD-42DB-9F76-56ECA050F6F4}"
EndProject
Project("{FAE04EC0-301F-11D3-BF4B-00C04F79EFBC}") = "ApplicationsHub.Application", "ApplicationsHub.Application\ApplicationsHub.Application.csproj", "{5FBB9F01-2DE6-4ED4-B368-452D150E5D07}"
EndProject
Project("{FAE04EC0-301F-11D3-BF4B-00C04F79EFBC}") = "ApplicationsHub.Infrastructure", "ApplicationsHub.Persistence\ApplicationsHub.Infrastructure.csproj", "{BA837239-BDFB-4A5C-9F9A-E6353CC2DB57}"
EndProject
Global
	GlobalSection(SolutionConfigurationPlatforms) = preSolution
		Debug|Any CPU = Debug|Any CPU
		Release|Any CPU = Release|Any CPU
	EndGlobalSection
	GlobalSection(ProjectConfigurationPlatforms) = postSolution
		{CEB35FB2-63AB-4331-B04E-D61FADCFFD57}.Debug|Any CPU.ActiveCfg = Debug|Any CPU
		{CEB35FB2-63AB-4331-B04E-D61FADCFFD57}.Debug|Any CPU.Build.0 = Debug|Any CPU
		{CEB35FB2-63AB-4331-B04E-D61FADCFFD57}.Release|Any CPU.ActiveCfg = Release|Any CPU
		{CEB35FB2-63AB-4331-B04E-D61FADCFFD57}.Release|Any CPU.Build.0 = Release|Any CPU
		{3183C683-59AD-42DB-9F76-56ECA050F6F4}.Debug|Any CPU.ActiveCfg = Debug|Any CPU
		{3183C683-59AD-42DB-9F76-56ECA050F6F4}.Debug|Any CPU.Build.0 = Debug|Any CPU
		{3183C683-59AD-42DB-9F76-56ECA050F6F4}.Release|Any CPU.ActiveCfg = Release|Any CPU
		{3183C683-59AD-42DB-9F76-56ECA050F6F4}.Release|Any CPU.Build.0 = Release|Any CPU
		{5FBB9F01-2DE6-4ED4-B368-452D150E5D07}.Debug|Any CPU.ActiveCfg = Debug|Any CPU
		{5FBB9F01-2DE6-4ED4-B368-452D150E5D07}.Debug|Any CPU.Build.0 = Debug|Any CPU
		{5FBB9F01-2DE6-4ED4-B368-452D150E5D07}.Release|Any CPU.ActiveCfg = Release|Any CPU
		{5FBB9F01-2DE6-4ED4-B368-452D150E5D07}.Release|Any CPU.Build.0 = Release|Any CPU
		{BA837239-BDFB-4A5C-9F9A-E6353CC2DB57}.Debug|Any CPU.ActiveCfg = Debug|Any CPU
		{BA837239-BDFB-4A5C-9F9A-E6353CC2DB57}.Debug|Any CPU.Build.0 = Debug|Any CPU
		{BA837239-BDFB-4A5C-9F9A-E6353CC2DB57}.Release|Any CPU.ActiveCfg = Release|Any CPU
		{BA837239-BDFB-4A5C-9F9A-E6353CC2DB57}.Release|Any CPU.Build.0 = Release|Any CPU
	EndGlobalSection
	GlobalSection(SolutionProperties) = preSolution
		HideSolutionNode = FALSE
	EndGlobalSection
	GlobalSection(NestedProjects) = preSolution
		{CEB35FB2-63AB-4331-B04E-D61FADCFFD57} = {6BEC112B-C928-44AC-9059-7F4FFDFCDB50}
	EndGlobalSection
	GlobalSection(ExtensibilityGlobals) = postSolution
		SolutionGuid = {E3799293-CD26-4BA1-8219-DC1721499375}
	EndGlobalSection
EndGlobal
